
Microsoft Visual Studio Solution File, Format Version 12.00
# Visual Studio Version 17
VisualStudioVersion = 17.8.34330.188
MinimumVisualStudioVersion = 10.0.40219.1
Project("{FAE04EC0-301F-11D3-BF4B-00C04F79EFBC}") = "StuData", "StuData\StuData.csproj", "{B78BA1D4-8176-4A3B-9FE7-A573975108A0}"
EndProject
Global
	GlobalSection(SolutionConfigurationPlatforms) = preSolution
		Debug|Any CPU = Debug|Any CPU
		Release|Any CPU = Release|Any CPU
	EndGlobalSection
	GlobalSection(ProjectConfigurationPlatforms) = postSolution
		{B78BA1D4-8176-4A3B-9FE7-A573975108A0}.Debug|Any CPU.ActiveCfg = Debug|Any CPU
		{B78BA1D4-8176-4A3B-9FE7-A573975108A0}.Debug|Any CPU.Build.0 = Debug|Any CPU
		{B78BA1D4-8176-4A3B-9FE7-A573975108A0}.Release|Any CPU.ActiveCfg = Release|Any CPU
		{B78BA1D4-8176-4A3B-9FE7-A573975108A0}.Release|Any CPU.Build.0 = Release|Any CPU
	EndGlobalSection
	GlobalSection(SolutionProperties) = preSolution
		HideSolutionNode = FALSE
	EndGlobalSection
	GlobalSection(ExtensibilityGlobals) = postSolution
		SolutionGuid = {89770F72-6EDF-4715-B1FC-3D72986A7C67}
	EndGlobalSection
EndGlobal
